{
  "requires": true,
  "lockfileVersion": 1,
  "dependencies": {
    "sheetdb-js": {
      "version": "1.0.3",
      "resolved": "https://registry.npmjs.org/sheetdb-js/-/sheetdb-js-1.0.3.tgz",
      "integrity": "sha512-yMdlQmcY1TLrJnkLF9TJEScKRmVdIPG8Js//C1S/DkFOMueaKLaXzS482vihbKA2Pnod+ILvTWNIMm1C9+e5qg=="
    }
  }
}
